
Microsoft Visual Studio Solution File, Format Version 12.00
# Visual Studio Version 17
VisualStudioVersion = 17.10.35122.118
MinimumVisualStudioVersion = 10.0.40219.1
Project("{FAE04EC0-301F-11D3-BF4B-00C04F79EFBC}") = "Scorekeeper", "Scorekeeper.csproj", "{F726A884-3E81-4982-B283-034B3DF28824}"
EndProject
Global
	GlobalSection(SolutionConfigurationPlatforms) = preSolution
		Debug|Any CPU = Debug|Any CPU
		Release|Any CPU = Release|Any CPU
	EndGlobalSection
	GlobalSection(ProjectConfigurationPlatforms) = postSolution
		{F726A884-3E81-4982-B283-034B3DF28824}.Debug|Any CPU.ActiveCfg = Debug|Any CPU
		{F726A884-3E81-4982-B283-034B3DF28824}.Debug|Any CPU.Build.0 = Debug|Any CPU
		{F726A884-3E81-4982-B283-034B3DF28824}.Release|Any CPU.ActiveCfg = Release|Any CPU
		{F726A884-3E81-4982-B283-034B3DF28824}.Release|Any CPU.Build.0 = Release|Any CPU
	EndGlobalSection
	GlobalSection(SolutionProperties) = preSolution
		HideSolutionNode = FALSE
	EndGlobalSection
	GlobalSection(ExtensibilityGlobals) = postSolution
		SolutionGuid = {F5D672E0-B88D-4D6D-A4D7-8E718F84FE23}
	EndGlobalSection
EndGlobal
